// !$*UTF8*$!
{
	archiveVersion = 1;
	classes = {
	};
	objectVersion = 46;
	objects = {

/* Begin PBXBuildFile section */
		D0489AD61A661D2A00FFFECD /* ImagesViewController.swift in Sources */ = {isa = PBXBuildFile; fileRef = D0489AD51A661D2A00FFFECD /* ImagesViewController.swift */; };
		D0489AD81A661FBF00FFFECD /* ImageCollectionViewCell.swift in Sources */ = {isa = PBXBuildFile; fileRef = D0489AD71A661FBF00FFFECD /* ImageCollectionViewCell.swift */; };
		D0489ADA1A662CFD00FFFECD /* FeedViewController.swift in Sources */ = {isa = PBXBuildFile; fileRef = D0489AD91A662CFD00FFFECD /* FeedViewController.swift */; };
		D0489ADD1A662D9B00FFFECD /* FeedTableViewCell.swift in Sources */ = {isa = PBXBuildFile; fileRef = D0489ADC1A662D9B00FFFECD /* FeedTableViewCell.swift */; };
		D0489B0D1A66660E00FFFECD /* ProfileViewController.swift in Sources */ = {isa = PBXBuildFile; fileRef = D0489B0C1A66660E00FFFECD /* ProfileViewController.swift */; };
		D0A856EC1A65900E00FC399E /* AppDelegate.swift in Sources */ = {isa = PBXBuildFile; fileRef = D0A856EB1A65900E00FC399E /* AppDelegate.swift */; };
		D0A856EF1A65900E00FC399E /* InstagramOnParse.xcdatamodeld in Sources */ = {isa = PBXBuildFile; fileRef = D0A856ED1A65900E00FC399E /* InstagramOnParse.xcdatamodeld */; };
		D0A856F41A65900E00FC399E /* Main.storyboard in Resources */ = {isa = PBXBuildFile; fileRef = D0A856F21A65900E00FC399E /* Main.storyboard */; };
		D0A856F61A65900E00FC399E /* Images.xcassets in Resources */ = {isa = PBXBuildFile; fileRef = D0A856F51A65900E00FC399E /* Images.xcassets */; };
		D0A856F91A65900E00FC399E /* LaunchScreen.xib in Resources */ = {isa = PBXBuildFile; fileRef = D0A856F71A65900E00FC399E /* LaunchScreen.xib */; };
		D0A857051A65900E00FC399E /* InstagramOnParseTests.swift in Sources */ = {isa = PBXBuildFile; fileRef = D0A857041A65900E00FC399E /* InstagramOnParseTests.swift */; };
		D0A8570F1A6593DF00FC399E /* SignInViewController.swift in Sources */ = {isa = PBXBuildFile; fileRef = D0A8570E1A6593DF00FC399E /* SignInViewController.swift */; };
		D0A857111A6593EB00FC399E /* RegisterViewController.swift in Sources */ = {isa = PBXBuildFile; fileRef = D0A857101A6593EB00FC399E /* RegisterViewController.swift */; };
		D0A857191A65958500FC399E /* Parse.framework in Frameworks */ = {isa = PBXBuildFile; fileRef = D0A857141A65958500FC399E /* Parse.framework */; };
		D0A8571A1A65958500FC399E /* ParseCrashReporting.framework in Frameworks */ = {isa = PBXBuildFile; fileRef = D0A857151A65958500FC399E /* ParseCrashReporting.framework */; };
		D0A8571B1A65958500FC399E /* ParseFacebookUtils.framework in Frameworks */ = {isa = PBXBuildFile; fileRef = D0A857161A65958500FC399E /* ParseFacebookUtils.framework */; };
		D0A8571C1A65958500FC399E /* ParseUI.framework in Frameworks */ = {isa = PBXBuildFile; fileRef = D0A857171A65958500FC399E /* ParseUI.framework */; };
		D0A857281A65960400FC399E /* AudioToolbox.framework in Frameworks */ = {isa = PBXBuildFile; fileRef = D0A8571D1A65960400FC399E /* AudioToolbox.framework */; };
		D0A857291A65960400FC399E /* CFNetwork.framework in Frameworks */ = {isa = PBXBuildFile; fileRef = D0A8571E1A65960400FC399E /* CFNetwork.framework */; };
		D0A8572A1A65960400FC399E /* CoreGraphics.framework in Frameworks */ = {isa = PBXBuildFile; fileRef = D0A8571F1A65960400FC399E /* CoreGraphics.framework */; };
		D0A8572B1A65960400FC399E /* CoreLocation.framework in Frameworks */ = {isa = PBXBuildFile; fileRef = D0A857201A65960400FC399E /* CoreLocation.framework */; };
		D0A8572C1A65960400FC399E /* libsqlite3.dylib in Frameworks */ = {isa = PBXBuildFile; fileRef = D0A857211A65960400FC399E /* libsqlite3.dylib */; };
		D0A8572D1A65960400FC399E /* libz.dylib in Frameworks */ = {isa = PBXBuildFile; fileRef = D0A857221A65960400FC399E /* libz.dylib */; };
		D0A8572E1A65960400FC399E /* MobileCoreServices.framework in Frameworks */ = {isa = PBXBuildFile; fileRef = D0A857231A65960400FC399E /* MobileCoreServices.framework */; };
		D0A8572F1A65960400FC399E /* QuartzCore.framework in Frameworks */ = {isa = PBXBuildFile; fileRef = D0A857241A65960400FC399E /* QuartzCore.framework */; };
		D0A857301A65960400FC399E /* Security.framework in Frameworks */ = {isa = PBXBuildFile; fileRef = D0A857251A65960400FC399E /* Security.framework */; };
		D0A857311A65960400FC399E /* StoreKit.framework in Frameworks */ = {isa = PBXBuildFile; fileRef = D0A857261A65960400FC399E /* StoreKit.framework */; };
		D0A857321A65960400FC399E /* SystemConfiguration.framework in Frameworks */ = {isa = PBXBuildFile; fileRef = D0A857271A65960400FC399E /* SystemConfiguration.framework */; };
		D0A857381A65A04B00FC399E /* UsersViewController.swift in Sources */ = {isa = PBXBuildFile; fileRef = D0A857371A65A04B00FC399E /* UsersViewController.swift */; };
		D0A8573B1A65BBE000FC399E /* PostImageViewController.swift in Sources */ = {isa = PBXBuildFile; fileRef = D0A8573A1A65BBE000FC399E /* PostImageViewController.swift */; };
		D0EC01AD1A6846A400A6D40D /* ShowImageViewController.swift in Sources */ = {isa = PBXBuildFile; fileRef = D0EC01AC1A6846A300A6D40D /* ShowImageViewController.swift */; };
		D0EC01AF1A698A5800A6D40D /* Bolts.framework in Frameworks */ = {isa = PBXBuildFile; fileRef = D0EC01AE1A698A5800A6D40D /* Bolts.framework */; };
		D0EC01B11A69C4B200A6D40D /* MapViewController.swift in Sources */ = {isa = PBXBuildFile; fileRef = D0EC01B01A69C4B200A6D40D /* MapViewController.swift */; };
		D0EC01B31A69C51E00A6D40D /* MapKit.framework in Frameworks */ = {isa = PBXBuildFile; fileRef = D0EC01B21A69C51E00A6D40D /* MapKit.framework */; };
/* End PBXBuildFile section */

/* Begin PBXContainerItemProxy section */
		D0A856FF1A65900E00FC399E /* PBXContainerItemProxy */ = {
			isa = PBXContainerItemProxy;
			containerPortal = D0A856DE1A65900D00FC399E /* Project object */;
			proxyType = 1;
			remoteGlobalIDString = D0A856E51A65900D00FC399E;
			remoteInfo = InstagramOnParse;
		};
/* End PBXContainerItemProxy section */

/* Begin PBXFileReference section */
		D0489AD51A661D2A00FFFECD /* ImagesViewController.swift */ = {isa = PBXFileReference; fileEncoding = 4; lastKnownFileType = sourcecode.swift; path = ImagesViewController.swift; sourceTree = "<group>"; };
		D0489AD71A661FBF00FFFECD /* ImageCollectionViewCell.swift */ = {isa = PBXFileReference; fileEncoding = 4; lastKnownFileType = sourcecode.swift; path = ImageCollectionViewCell.swift; sourceTree = "<group>"; };
		D0489AD91A662CFD00FFFECD /* FeedViewController.swift */ = {isa = PBXFileReference; fileEncoding = 4; lastKnownFileType = sourcecode.swift; path = FeedViewController.swift; sourceTree = "<group>"; };
		D0489ADC1A662D9B00FFFECD /* FeedTableViewCell.swift */ = {isa = PBXFileReference; fileEncoding = 4; lastKnownFileType = sourcecode.swift; path = FeedTableViewCell.swift; sourceTree = "<group>"; };
		D0489B0C1A66660E00FFFECD /* ProfileViewController.swift */ = {isa = PBXFileReference; fileEncoding = 4; lastKnownFileType = sourcecode.swift; path = ProfileViewController.swift; sourceTree = "<group>"; };
		D0A856E61A65900E00FC399E /* InstagramOnParse.app */ = {isa = PBXFileReference; explicitFileType = wrapper.application; includeInIndex = 0; path = InstagramOnParse.app; sourceTree = BUILT_PRODUCTS_DIR; };
		D0A856EA1A65900E00FC399E /* Info.plist */ = {isa = PBXFileReference; lastKnownFileType = text.plist.xml; path = Info.plist; sourceTree = "<group>"; };
		D0A856EB1A65900E00FC399E /* AppDelegate.swift */ = {isa = PBXFileReference; lastKnownFileType = sourcecode.swift; path = AppDelegate.swift; sourceTree = "<group>"; };
		D0A856EE1A65900E00FC399E /* InstagramOnParse.xcdatamodel */ = {isa = PBXFileReference; lastKnownFileType = wrapper.xcdatamodel; path = InstagramOnParse.xcdatamodel; sourceTree = "<group>"; };
		D0A856F31A65900E00FC399E /* Base */ = {isa = PBXFileReference; lastKnownFileType = file.storyboard; name = Base; path = Base.lproj/Main.storyboard; sourceTree = "<group>"; };
		D0A856F51A65900E00FC399E /* Images.xcassets */ = {isa = PBXFileReference; lastKnownFileType = folder.assetcatalog; path = Images.xcassets; sourceTree = "<group>"; };
		D0A856F81A65900E00FC399E /* Base */ = {isa = PBXFileReference; lastKnownFileType = file.xib; name = Base; path = Base.lproj/LaunchScreen.xib; sourceTree = "<group>"; };
		D0A856FE1A65900E00FC399E /* InstagramOnParseTests.xctest */ = {isa = PBXFileReference; explicitFileType = wrapper.cfbundle; includeInIndex = 0; path = InstagramOnParseTests.xctest; sourceTree = BUILT_PRODUCTS_DIR; };
		D0A857031A65900E00FC399E /* Info.plist */ = {isa = PBXFileReference; lastKnownFileType = text.plist.xml; path = Info.plist; sourceTree = "<group>"; };
		D0A857041A65900E00FC399E /* InstagramOnParseTests.swift */ = {isa = PBXFileReference; lastKnownFileType = sourcecode.swift; path = InstagramOnParseTests.swift; sourceTree = "<group>"; };
		D0A8570E1A6593DF00FC399E /* SignInViewController.swift */ = {isa = PBXFileReference; fileEncoding = 4; lastKnownFileType = sourcecode.swift; path = SignInViewController.swift; sourceTree = "<group>"; };
		D0A857101A6593EB00FC399E /* RegisterViewController.swift */ = {isa = PBXFileReference; fileEncoding = 4; lastKnownFileType = sourcecode.swift; path = RegisterViewController.swift; sourceTree = "<group>"; };
		D0A857141A65958500FC399E /* Parse.framework */ = {isa = PBXFileReference; lastKnownFileType = wrapper.framework; path = Parse.framework; sourceTree = "<group>"; };
		D0A857151A65958500FC399E /* ParseCrashReporting.framework */ = {isa = PBXFileReference; lastKnownFileType = wrapper.framework; path = ParseCrashReporting.framework; sourceTree = "<group>"; };
		D0A857161A65958500FC399E /* ParseFacebookUtils.framework */ = {isa = PBXFileReference; lastKnownFileType = wrapper.framework; path = ParseFacebookUtils.framework; sourceTree = "<group>"; };
		D0A857171A65958500FC399E /* ParseUI.framework */ = {isa = PBXFileReference; lastKnownFileType = wrapper.framework; path = ParseUI.framework; sourceTree = "<group>"; };
		D0A8571D1A65960400FC399E /* AudioToolbox.framework */ = {isa = PBXFileReference; lastKnownFileType = wrapper.framework; name = AudioToolbox.framework; path = System/Library/Frameworks/AudioToolbox.framework; sourceTree = SDKROOT; };
		D0A8571E1A65960400FC399E /* CFNetwork.framework */ = {isa = PBXFileReference; lastKnownFileType = wrapper.framework; name = CFNetwork.framework; path = System/Library/Frameworks/CFNetwork.framework; sourceTree = SDKROOT; };
		D0A8571F1A65960400FC399E /* CoreGraphics.framework */ = {isa = PBXFileReference; lastKnownFileType = wrapper.framework; name = CoreGraphics.framework; path = System/Library/Frameworks/CoreGraphics.framework; sourceTree = SDKROOT; };
		D0A857201A65960400FC399E /* CoreLocation.framework */ = {isa = PBXFileReference; lastKnownFileType = wrapper.framework; name = CoreLocation.framework; path = System/Library/Frameworks/CoreLocation.framework; sourceTree = SDKROOT; };
		D0A857211A65960400FC399E /* libsqlite3.dylib */ = {isa = PBXFileReference; lastKnownFileType = "compiled.mach-o.dylib"; name = libsqlite3.dylib; path = usr/lib/libsqlite3.dylib; sourceTree = SDKROOT; };
		D0A857221A65960400FC399E /* libz.dylib */ = {isa = PBXFileReference; lastKnownFileType = "compiled.mach-o.dylib"; name = libz.dylib; path = usr/lib/libz.dylib; sourceTree = SDKROOT; };
		D0A857231A65960400FC399E /* MobileCoreServices.framework */ = {isa = PBXFileReference; lastKnownFileType = wrapper.framework; name = MobileCoreServices.framework; path = System/Library/Frameworks/MobileCoreServices.framework; sourceTree = SDKROOT; };
		D0A857241A65960400FC399E /* QuartzCore.framework */ = {isa = PBXFileReference; lastKnownFileType = wrapper.framework; name = QuartzCore.framework; path = System/Library/Frameworks/QuartzCore.framework; sourceTree = SDKROOT; };
		D0A857251A65960400FC399E /* Security.framework */ = {isa = PBXFileReference; lastKnownFileType = wrapper.framework; name = Security.framework; path = System/Library/Frameworks/Security.framework; sourceTree = SDKROOT; };
		D0A857261A65960400FC399E /* StoreKit.framework */ = {isa = PBXFileReference; lastKnownFileType = wrapper.framework; name = StoreKit.framework; path = System/Library/Frameworks/StoreKit.framework; sourceTree = SDKROOT; };
		D0A857271A65960400FC399E /* SystemConfiguration.framework */ = {isa = PBXFileReference; lastKnownFileType = wrapper.framework; name = SystemConfiguration.framework; path = System/Library/Frameworks/SystemConfiguration.framework; sourceTree = SDKROOT; };
		D0A857341A65962800FC399E /* InstagramOnParse-Bridging-Header.h */ = {isa = PBXFileReference; lastKnownFileType = sourcecode.c.h; path = "InstagramOnParse-Bridging-Header.h"; sourceTree = "<group>"; };
		D0A857371A65A04B00FC399E /* UsersViewController.swift */ = {isa = PBXFileReference; fileEncoding = 4; lastKnownFileType = sourcecode.swift; path = UsersViewController.swift; sourceTree = "<group>"; };
		D0A8573A1A65BBE000FC399E /* PostImageViewController.swift */ = {isa = PBXFileReference; fileEncoding = 4; lastKnownFileType = sourcecode.swift; path = PostImageViewController.swift; sourceTree = "<group>"; };
		D0EC01AC1A6846A300A6D40D /* ShowImageViewController.swift */ = {isa = PBXFileReference; fileEncoding = 4; lastKnownFileType = sourcecode.swift; path = ShowImageViewController.swift; sourceTree = "<group>"; };
		D0EC01AE1A698A5800A6D40D /* Bolts.framework */ = {isa = PBXFileReference; lastKnownFileType = wrapper.framework; path = Bolts.framework; sourceTree = "<group>"; };
		D0EC01B01A69C4B200A6D40D /* MapViewController.swift */ = {isa = PBXFileReference; fileEncoding = 4; lastKnownFileType = sourcecode.swift; path = MapViewController.swift; sourceTree = "<group>"; };
		D0EC01B21A69C51E00A6D40D /* MapKit.framework */ = {isa = PBXFileReference; lastKnownFileType = wrapper.framework; name = MapKit.framework; path = System/Library/Frameworks/MapKit.framework; sourceTree = SDKROOT; };
/* End PBXFileReference section */

/* Begin PBXFrameworksBuildPhase section */
		D0A856E31A65900D00FC399E /* Frameworks */ = {
			isa = PBXFrameworksBuildPhase;
			buildActionMask = 2147483647;
			files = (
				D0A857281A65960400FC399E /* AudioToolbox.framework in Frameworks */,
				D0A857291A65960400FC399E /* CFNetwork.framework in Frameworks */,
				D0A8572A1A65960400FC399E /* CoreGraphics.framework in Frameworks */,
				D0A8572B1A65960400FC399E /* CoreLocation.framework in Frameworks */,
				D0A8572C1A65960400FC399E /* libsqlite3.dylib in Frameworks */,
				D0A8572D1A65960400FC399E /* libz.dylib in Frameworks */,
				D0A8572E1A65960400FC399E /* MobileCoreServices.framework in Frameworks */,
				D0A8572F1A65960400FC399E /* QuartzCore.framework in Frameworks */,
				D0A857301A65960400FC399E /* Security.framework in Frameworks */,
				D0EC01B31A69C51E00A6D40D /* MapKit.framework in Frameworks */,
				D0A857311A65960400FC399E /* StoreKit.framework in Frameworks */,
				D0A857321A65960400FC399E /* SystemConfiguration.framework in Frameworks */,
				D0A857191A65958500FC399E /* Parse.framework in Frameworks */,
				D0A8571A1A65958500FC399E /* ParseCrashReporting.framework in Frameworks */,
				D0A8571C1A65958500FC399E /* ParseUI.framework in Frameworks */,
				D0A8571B1A65958500FC399E /* ParseFacebookUtils.framework in Frameworks */,
				D0EC01AF1A698A5800A6D40D /* Bolts.framework in Frameworks */,
			);
			runOnlyForDeploymentPostprocessing = 0;
		};
		D0A856FB1A65900E00FC399E /* Frameworks */ = {
			isa = PBXFrameworksBuildPhase;
			buildActionMask = 2147483647;
			files = (
			);
			runOnlyForDeploymentPostprocessing = 0;
		};
/* End PBXFrameworksBuildPhase section */

/* Begin PBXGroup section */
		D0489ADB1A662D0F00FFFECD /* Feed */ = {
			isa = PBXGroup;
			children = (
				D0489AD91A662CFD00FFFECD /* FeedViewController.swift */,
				D0489ADC1A662D9B00FFFECD /* FeedTableViewCell.swift */,
			);
			name = Feed;
			sourceTree = "<group>";
		};
		D0A856DD1A65900D00FC399E = {
			isa = PBXGroup;
			children = (
				D0A857331A65960C00FC399E /* Frameworks */,
				D0A856E81A65900E00FC399E /* InstagramOnParse */,
				D0A857011A65900E00FC399E /* InstagramOnParseTests */,
				D0A856E71A65900E00FC399E /* Products */,
			);
			sourceTree = "<group>";
		};
		D0A856E71A65900E00FC399E /* Products */ = {
			isa = PBXGroup;
			children = (
				D0A856E61A65900E00FC399E /* InstagramOnParse.app */,
				D0A856FE1A65900E00FC399E /* InstagramOnParseTests.xctest */,
			);
			name = Products;
			sourceTree = "<group>";
		};
		D0A856E81A65900E00FC399E /* InstagramOnParse */ = {
			isa = PBXGroup;
			children = (
				D0A856EB1A65900E00FC399E /* AppDelegate.swift */,
				D0A856F21A65900E00FC399E /* Main.storyboard */,
				D0EC01B01A69C4B200A6D40D /* MapViewController.swift */,
				D0489ADB1A662D0F00FFFECD /* Feed */,
				D0A8573C1A65BBE800FC399E /* Images */,
				D0A857391A65BBC800FC399E /* User */,
				D0A857121A6593F200FC399E /* Signup */,
				D0A856F51A65900E00FC399E /* Images.xcassets */,
				D0A856F71A65900E00FC399E /* LaunchScreen.xib */,
				D0A856ED1A65900E00FC399E /* InstagramOnParse.xcdatamodeld */,
				D0A856E91A65900E00FC399E /* Supporting Files */,
				D0A857341A65962800FC399E /* InstagramOnParse-Bridging-Header.h */,
			);
			path = InstagramOnParse;
			sourceTree = "<group>";
		};
		D0A856E91A65900E00FC399E /* Supporting Files */ = {
			isa = PBXGroup;
			children = (
				D0A856EA1A65900E00FC399E /* Info.plist */,
			);
			name = "Supporting Files";
			sourceTree = "<group>";
		};
		D0A857011A65900E00FC399E /* InstagramOnParseTests */ = {
			isa = PBXGroup;
			children = (
				D0A857041A65900E00FC399E /* InstagramOnParseTests.swift */,
				D0A857021A65900E00FC399E /* Supporting Files */,
			);
			path = InstagramOnParseTests;
			sourceTree = "<group>";
		};
		D0A857021A65900E00FC399E /* Supporting Files */ = {
			isa = PBXGroup;
			children = (
				D0A857031A65900E00FC399E /* Info.plist */,
			);
			name = "Supporting Files";
			sourceTree = "<group>";
		};
		D0A857121A6593F200FC399E /* Signup */ = {
			isa = PBXGroup;
			children = (
				D0A8570E1A6593DF00FC399E /* SignInViewController.swift */,
				D0A857101A6593EB00FC399E /* RegisterViewController.swift */,
			);
			name = Signup;
			sourceTree = "<group>";
		};
		D0A857331A65960C00FC399E /* Frameworks */ = {
			isa = PBXGroup;
			children = (
				D0EC01B21A69C51E00A6D40D /* MapKit.framework */,
				D0EC01AE1A698A5800A6D40D /* Bolts.framework */,
				D0A8571D1A65960400FC399E /* AudioToolbox.framework */,
				D0A8571E1A65960400FC399E /* CFNetwork.framework */,
				D0A8571F1A65960400FC399E /* CoreGraphics.framework */,
				D0A857201A65960400FC399E /* CoreLocation.framework */,
				D0A857211A65960400FC399E /* libsqlite3.dylib */,
				D0A857221A65960400FC399E /* libz.dylib */,
				D0A857231A65960400FC399E /* MobileCoreServices.framework */,
				D0A857241A65960400FC399E /* QuartzCore.framework */,
				D0A857251A65960400FC399E /* Security.framework */,
				D0A857261A65960400FC399E /* StoreKit.framework */,
				D0A857271A65960400FC399E /* SystemConfiguration.framework */,
				D0A857141A65958500FC399E /* Parse.framework */,
				D0A857151A65958500FC399E /* ParseCrashReporting.framework */,
				D0A857161A65958500FC399E /* ParseFacebookUtils.framework */,
				D0A857171A65958500FC399E /* ParseUI.framework */,
			);
			name = Frameworks;
			sourceTree = "<group>";
		};
		D0A857391A65BBC800FC399E /* User */ = {
			isa = PBXGroup;
			children = (
				D0A857371A65A04B00FC399E /* UsersViewController.swift */,
				D0489B0C1A66660E00FFFECD /* ProfileViewController.swift */,
			);
			name = User;
			sourceTree = "<group>";
		};
		D0A8573C1A65BBE800FC399E /* Images */ = {
			isa = PBXGroup;
			children = (
				D0489AD71A661FBF00FFFECD /* ImageCollectionViewCell.swift */,
				D0A8573A1A65BBE000FC399E /* PostImageViewController.swift */,
				D0489AD51A661D2A00FFFECD /* ImagesViewController.swift */,
				D0EC01AC1A6846A300A6D40D /* ShowImageViewController.swift */,
			);
			name = Images;
			sourceTree = "<group>";
		};
/* End PBXGroup section */

/* Begin PBXNativeTarget section */
		D0A856E51A65900D00FC399E /* InstagramOnParse */ = {
			isa = PBXNativeTarget;
			buildConfigurationList = D0A857081A65900E00FC399E /* Build configuration list for PBXNativeTarget "InstagramOnParse" */;
			buildPhases = (
				D0A856E21A65900D00FC399E /* Sources */,
				D0A856E31A65900D00FC399E /* Frameworks */,
				D0A856E41A65900D00FC399E /* Resources */,
			);
			buildRules = (
			);
			dependencies = (
			);
			name = InstagramOnParse;
			productName = InstagramOnParse;
			productReference = D0A856E61A65900E00FC399E /* InstagramOnParse.app */;
			productType = "com.apple.product-type.application";
		};
		D0A856FD1A65900E00FC399E /* InstagramOnParseTests */ = {
			isa = PBXNativeTarget;
			buildConfigurationList = D0A8570B1A65900E00FC399E /* Build configuration list for PBXNativeTarget "InstagramOnParseTests" */;
			buildPhases = (
				D0A856FA1A65900E00FC399E /* Sources */,
				D0A856FB1A65900E00FC399E /* Frameworks */,
				D0A856FC1A65900E00FC399E /* Resources */,
			);
			buildRules = (
			);
			dependencies = (
				D0A857001A65900E00FC399E /* PBXTargetDependency */,
			);
			name = InstagramOnParseTests;
			productName = InstagramOnParseTests;
			productReference = D0A856FE1A65900E00FC399E /* InstagramOnParseTests.xctest */;
			productType = "com.apple.product-type.bundle.unit-test";
		};
/* End PBXNativeTarget section */

/* Begin PBXProject section */
		D0A856DE1A65900D00FC399E /* Project object */ = {
			isa = PBXProject;
			attributes = {
				LastUpgradeCheck = 0610;
				ORGANIZATIONNAME = "Peter Hitchcock";
				TargetAttributes = {
					D0A856E51A65900D00FC399E = {
						CreatedOnToolsVersion = 6.1.1;
						DevelopmentTeam = 36CUT7YB68;
						SystemCapabilities = {
							com.apple.Maps.iOS = {
								enabled = 1;
							};
						};
					};
					D0A856FD1A65900E00FC399E = {
						CreatedOnToolsVersion = 6.1.1;
						TestTargetID = D0A856E51A65900D00FC399E;
					};
				};
			};
			buildConfigurationList = D0A856E11A65900D00FC399E /* Build configuration list for PBXProject "InstagramOnParse" */;
			compatibilityVersion = "Xcode 3.2";
			developmentRegion = English;
			hasScannedForEncodings = 0;
			knownRegions = (
				en,
				Base,
			);
			mainGroup = D0A856DD1A65900D00FC399E;
			productRefGroup = D0A856E71A65900E00FC399E /* Products */;
			projectDirPath = "";
			projectRoot = "";
			targets = (
				D0A856E51A65900D00FC399E /* InstagramOnParse */,
				D0A856FD1A65900E00FC399E /* InstagramOnParseTests */,
			);
		};
/* End PBXProject section */

/* Begin PBXResourcesBuildPhase section */
		D0A856E41A65900D00FC399E /* Resources */ = {
			isa = PBXResourcesBuildPhase;
			buildActionMask = 2147483647;
			files = (
				D0A856F41A65900E00FC399E /* Main.storyboard in Resources */,
				D0A856F91A65900E00FC399E /* LaunchScreen.xib in Resources */,
				D0A856F61A65900E00FC399E /* Images.xcassets in Resources */,
			);
			runOnlyForDeploymentPostprocessing = 0;
		};
		D0A856FC1A65900E00FC399E /* Resources */ = {
			isa = PBXResourcesBuildPhase;
			buildActionMask = 2147483647;
			files = (
			);
			runOnlyForDeploymentPostprocessing = 0;
		};
/* End PBXResourcesBuildPhase section */

/* Begin PBXSourcesBuildPhase section */
		D0A856E21A65900D00FC399E /* Sources */ = {
			isa = PBXSourcesBuildPhase;
			buildActionMask = 2147483647;
			files = (
				D0A856EC1A65900E00FC399E /* AppDelegate.swift in Sources */,
				D0489ADA1A662CFD00FFFECD /* FeedViewController.swift in Sources */,
				D0489AD61A661D2A00FFFECD /* ImagesViewController.swift in Sources */,
				D0489AD81A661FBF00FFFECD /* ImageCollectionViewCell.swift in Sources */,
				D0A856EF1A65900E00FC399E /* InstagramOnParse.xcdatamodeld in Sources */,
				D0A8573B1A65BBE000FC399E /* PostImageViewController.swift in Sources */,
				D0EC01B11A69C4B200A6D40D /* MapViewController.swift in Sources */,
				D0489B0D1A66660E00FFFECD /* ProfileViewController.swift in Sources */,
				D0EC01AD1A6846A400A6D40D /* ShowImageViewController.swift in Sources */,
				D0A857381A65A04B00FC399E /* UsersViewController.swift in Sources */,
				D0A8570F1A6593DF00FC399E /* SignInViewController.swift in Sources */,
				D0A857111A6593EB00FC399E /* RegisterViewController.swift in Sources */,
				D0489ADD1A662D9B00FFFECD /* FeedTableViewCell.swift in Sources */,
			);
			runOnlyForDeploymentPostprocessing = 0;
		};
		D0A856FA1A65900E00FC399E /* Sources */ = {
			isa = PBXSourcesBuildPhase;
			buildActionMask = 2147483647;
			files = (
				D0A857051A65900E00FC399E /* InstagramOnParseTests.swift in Sources */,
			);
			runOnlyForDeploymentPostprocessing = 0;
		};
/* End PBXSourcesBuildPhase section */

/* Begin PBXTargetDependency section */
		D0A857001A65900E00FC399E /* PBXTargetDependency */ = {
			isa = PBXTargetDependency;
			target = D0A856E51A65900D00FC399E /* InstagramOnParse */;
			targetProxy = D0A856FF1A65900E00FC399E /* PBXContainerItemProxy */;
		};
/* End PBXTargetDependency section */

/* Begin PBXVariantGroup section */
		D0A856F21A65900E00FC399E /* Main.storyboard */ = {
			isa = PBXVariantGroup;
			children = (
				D0A856F31A65900E00FC399E /* Base */,
			);
			name = Main.storyboard;
			sourceTree = "<group>";
		};
		D0A856F71A65900E00FC399E /* LaunchScreen.xib */ = {
			isa = PBXVariantGroup;
			children = (
				D0A856F81A65900E00FC399E /* Base */,
			);
			name = LaunchScreen.xib;
			sourceTree = "<group>";
		};
/* End PBXVariantGroup section */

/* Begin XCBuildConfiguration section */
		D0A857061A65900E00FC399E /* Debug */ = {
			isa = XCBuildConfiguration;
			buildSettings = {
				ALWAYS_SEARCH_USER_PATHS = NO;
				CLANG_CXX_LANGUAGE_STANDARD = "gnu++0x";
				CLANG_CXX_LIBRARY = "libc++";
				CLANG_ENABLE_MODULES = YES;
				CLANG_ENABLE_OBJC_ARC = YES;
				CLANG_WARN_BOOL_CONVERSION = YES;
				CLANG_WARN_CONSTANT_CONVERSION = YES;
				CLANG_WARN_DIRECT_OBJC_ISA_USAGE = YES_ERROR;
				CLANG_WARN_EMPTY_BODY = YES;
				CLANG_WARN_ENUM_CONVERSION = YES;
				CLANG_WARN_INT_CONVERSION = YES;
				CLANG_WARN_OBJC_ROOT_CLASS = YES_ERROR;
				CLANG_WARN_UNREACHABLE_CODE = YES;
				CLANG_WARN__DUPLICATE_METHOD_MATCH = YES;
				"CODE_SIGN_IDENTITY[sdk=iphoneos*]" = "iPhone Developer";
				COPY_PHASE_STRIP = NO;
				ENABLE_STRICT_OBJC_MSGSEND = YES;
				GCC_C_LANGUAGE_STANDARD = gnu99;
				GCC_DYNAMIC_NO_PIC = NO;
				GCC_OPTIMIZATION_LEVEL = 0;
				GCC_PREPROCESSOR_DEFINITIONS = (
					"DEBUG=1",
					"$(inherited)",
				);
				GCC_SYMBOLS_PRIVATE_EXTERN = NO;
				GCC_WARN_64_TO_32_BIT_CONVERSION = YES;
				GCC_WARN_ABOUT_RETURN_TYPE = YES_ERROR;
				GCC_WARN_UNDECLARED_SELECTOR = YES;
				GCC_WARN_UNINITIALIZED_AUTOS = YES_AGGRESSIVE;
				GCC_WARN_UNUSED_FUNCTION = YES;
				GCC_WARN_UNUSED_VARIABLE = YES;
				IPHONEOS_DEPLOYMENT_TARGET = 8.1;
				MTL_ENABLE_DEBUG_INFO = YES;
				ONLY_ACTIVE_ARCH = YES;
				SDKROOT = iphoneos;
				SWIFT_OPTIMIZATION_LEVEL = "-Onone";
			};
			name = Debug;
		};
		D0A857071A65900E00FC399E /* Release */ = {
			isa = XCBuildConfiguration;
			buildSettings = {
				ALWAYS_SEARCH_USER_PATHS = NO;
				CLANG_CXX_LANGUAGE_STANDARD = "gnu++0x";
				CLANG_CXX_LIBRARY = "libc++";
				CLANG_ENABLE_MODULES = YES;
				CLANG_ENABLE_OBJC_ARC = YES;
				CLANG_WARN_BOOL_CONVERSION = YES;
				CLANG_WARN_CONSTANT_CONVERSION = YES;
				CLANG_WARN_DIRECT_OBJC_ISA_USAGE = YES_ERROR;
				CLANG_WARN_EMPTY_BODY = YES;
				CLANG_WARN_ENUM_CONVERSION = YES;
				CLANG_WARN_INT_CONVERSION = YES;
				CLANG_WARN_OBJC_ROOT_CLASS = YES_ERROR;
				CLANG_WARN_UNREACHABLE_CODE = YES;
				CLANG_WARN__DUPLICATE_METHOD_MATCH = YES;
				"CODE_SIGN_IDENTITY[sdk=iphoneos*]" = "iPhone Developer";
				COPY_PHASE_STRIP = YES;
				ENABLE_NS_ASSERTIONS = NO;
				ENABLE_STRICT_OBJC_MSGSEND = YES;
				GCC_C_LANGUAGE_STANDARD = gnu99;
				GCC_WARN_64_TO_32_BIT_CONVERSION = YES;
				GCC_WARN_ABOUT_RETURN_TYPE = YES_ERROR;
				GCC_WARN_UNDECLARED_SELECTOR = YES;
				GCC_WARN_UNINITIALIZED_AUTOS = YES_AGGRESSIVE;
				GCC_WARN_UNUSED_FUNCTION = YES;
				GCC_WARN_UNUSED_VARIABLE = YES;
				IPHONEOS_DEPLOYMENT_TARGET = 8.1;
				MTL_ENABLE_DEBUG_INFO = NO;
				SDKROOT = iphoneos;
				VALIDATE_PRODUCT = YES;
			};
			name = Release;
		};
		D0A857091A65900E00FC399E /* Debug */ = {
			isa = XCBuildConfiguration;
			buildSettings = {
				ASSETCATALOG_COMPILER_APPICON_NAME = AppIcon;
				CLANG_ENABLE_MODULES = YES;
				CODE_SIGN_IDENTITY = "iPhone Developer";
				"CODE_SIGN_IDENTITY[sdk=iphoneos*]" = "iPhone Developer";
				FRAMEWORK_SEARCH_PATHS = (
					"$(inherited)",
					"$(PROJECT_DIR)",
				);
				INFOPLIST_FILE = InstagramOnParse/Info.plist;
				LD_RUNPATH_SEARCH_PATHS = "$(inherited) @executable_path/Frameworks";
				PRODUCT_NAME = "$(TARGET_NAME)";
				PROVISIONING_PROFILE = "";
				SWIFT_OBJC_BRIDGING_HEADER = "InstagramOnParse/InstagramOnParse-Bridging-Header.h";
				SWIFT_OPTIMIZATION_LEVEL = "-Onone";
			};
			name = Debug;
		};
		D0A8570A1A65900E00FC399E /* Release */ = {
			isa = XCBuildConfiguration;
			buildSettings = {
				ASSETCATALOG_COMPILER_APPICON_NAME = AppIcon;
				CLANG_ENABLE_MODULES = YES;
				CODE_SIGN_IDENTITY = "iPhone Developer";
				"CODE_SIGN_IDENTITY[sdk=iphoneos*]" = "iPhone Developer";
				FRAMEWORK_SEARCH_PATHS = (
					"$(inherited)",
					"$(PROJECT_DIR)",
				);
				INFOPLIST_FILE = InstagramOnParse/Info.plist;
				LD_RUNPATH_SEARCH_PATHS = "$(inherited) @executable_path/Frameworks";
				PRODUCT_NAME = "$(TARGET_NAME)";
				PROVISIONING_PROFILE = "";
				SWIFT_OBJC_BRIDGING_HEADER = "InstagramOnParse/InstagramOnParse-Bridging-Header.h";
			};
			name = Release;
		};
		D0A8570C1A65900E00FC399E /* Debug */ = {
			isa = XCBuildConfiguration;
			buildSettings = {
				BUNDLE_LOADER = "$(TEST_HOST)";
				FRAMEWORK_SEARCH_PATHS = (
					"$(SDKROOT)/Developer/Library/Frameworks",
					"$(inherited)",
				);
				GCC_PREPROCESSOR_DEFINITIONS = (
					"DEBUG=1",
					"$(inherited)",
				);
				INFOPLIST_FILE = InstagramOnParseTests/Info.plist;
				LD_RUNPATH_SEARCH_PATHS = "$(inherited) @executable_path/Frameworks @loader_path/Frameworks";
				PRODUCT_NAME = "$(TARGET_NAME)";
				TEST_HOST = "$(BUILT_PRODUCTS_DIR)/InstagramOnParse.app/InstagramOnParse";
			};
			name = Debug;
		};
		D0A8570D1A65900E00FC399E /* Release */ = {
			isa = XCBuildConfiguration;
			buildSettings = {
				BUNDLE_LOADER = "$(TEST_HOST)";
				FRAMEWORK_SEARCH_PATHS = (
					"$(SDKROOT)/Developer/Library/Frameworks",
					"$(inherited)",
				);
				INFOPLIST_FILE = InstagramOnParseTests/Info.plist;
				LD_RUNPATH_SEARCH_PATHS = "$(inherited) @executable_path/Frameworks @loader_path/Frameworks";
				PRODUCT_NAME = "$(TARGET_NAME)";
				TEST_HOST = "$(BUILT_PRODUCTS_DIR)/InstagramOnParse.app/InstagramOnParse";
			};
			name = Release;
		};
/* End XCBuildConfiguration section */

/* Begin XCConfigurationList section */
		D0A856E11A65900D00FC399E /* Build configuration list for PBXProject "InstagramOnParse" */ = {
			isa = XCConfigurationList;
			buildConfigurations = (
				D0A857061A65900E00FC399E /* Debug */,
				D0A857071A65900E00FC399E /* Release */,
			);
			defaultConfigurationIsVisible = 0;
			defaultConfigurationName = Release;
		};
		D0A857081A65900E00FC399E /* Build configuration list for PBXNativeTarget "InstagramOnParse" */ = {
			isa = XCConfigurationList;
			buildConfigurations = (
				D0A857091A65900E00FC399E /* Debug */,
				D0A8570A1A65900E00FC399E /* Release */,
			);
			defaultConfigurationIsVisible = 0;
			defaultConfigurationName = Release;
		};
		D0A8570B1A65900E00FC399E /* Build configuration list for PBXNativeTarget "InstagramOnParseTests" */ = {
			isa = XCConfigurationList;
			buildConfigurations = (
				D0A8570C1A65900E00FC399E /* Debug */,
				D0A8570D1A65900E00FC399E /* Release */,
			);
			defaultConfigurationIsVisible = 0;
			defaultConfigurationName = Release;
		};
/* End XCConfigurationList section */

/* Begin XCVersionGroup section */
		D0A856ED1A65900E00FC399E /* InstagramOnParse.xcdatamodeld */ = {
			isa = XCVersionGroup;
			children = (
				D0A856EE1A65900E00FC399E /* InstagramOnParse.xcdatamodel */,
			);
			currentVersion = D0A856EE1A65900E00FC399E /* InstagramOnParse.xcdatamodel */;
			path = InstagramOnParse.xcdatamodeld;
			sourceTree = "<group>";
			versionGroupType = wrapper.xcdatamodel;
		};
/* End XCVersionGroup section */
	};
	rootObject = D0A856DE1A65900D00FC399E /* Project object */;
}
